
Microsoft Visual Studio Solution File, Format Version 12.00
# Visual Studio 15
VisualStudioVersion = 15.0.28010.2036
MinimumVisualStudioVersion = 10.0.40219.1
Project("{8BC9CEB8-8B4A-11D0-8D11-00A0C91BC942}") = "A-Simple-Lexical-Analyze-windows", "A-Simple-Lexical-Analyze-windows\A-Simple-Lexical-Analyze-windows.vcxproj", "{E37CB32A-B30A-468B-A1BE-E11B7CC820CC}"
EndProject
Global
	GlobalSection(SolutionConfigurationPlatforms) = preSolution
		Debug|x64 = Debug|x64
		Debug|x86 = Debug|x86
		Release|x64 = Release|x64
		Release|x86 = Release|x86
	EndGlobalSection
	GlobalSection(ProjectConfigurationPlatforms) = postSolution
		{E37CB32A-B30A-468B-A1BE-E11B7CC820CC}.Debug|x64.ActiveCfg = Debug|x64
		{E37CB32A-B30A-468B-A1BE-E11B7CC820CC}.Debug|x64.Build.0 = Debug|x64
		{E37CB32A-B30A-468B-A1BE-E11B7CC820CC}.Debug|x86.ActiveCfg = Debug|Win32
		{E37CB32A-B30A-468B-A1BE-E11B7CC820CC}.Debug|x86.Build.0 = Debug|Win32
		{E37CB32A-B30A-468B-A1BE-E11B7CC820CC}.Release|x64.ActiveCfg = Release|x64
		{E37CB32A-B30A-468B-A1BE-E11B7CC820CC}.Release|x64.Build.0 = Release|x64
		{E37CB32A-B30A-468B-A1BE-E11B7CC820CC}.Release|x86.ActiveCfg = Release|Win32
		{E37CB32A-B30A-468B-A1BE-E11B7CC820CC}.Release|x86.Build.0 = Release|Win32
	EndGlobalSection
	GlobalSection(SolutionProperties) = preSolution
		HideSolutionNode = FALSE
	EndGlobalSection
	GlobalSection(ExtensibilityGlobals) = postSolution
		SolutionGuid = {07E7A1AB-9141-4D9E-B72C-D573A09A5343}
	EndGlobalSection
EndGlobal
